// !$*UTF8*$!
{
	archiveVersion = 1;
	classes = {
	};
	objectVersion = 56;
	objects = {

/* Begin PBXBuildFile section */
		22779C2D2A791247005F208C /* TouchdownApp.swift in Sources */ = {isa = PBXBuildFile; fileRef = 22779C2C2A791247005F208C /* TouchdownApp.swift */; };
		22779C2F2A791247005F208C /* ContentView.swift in Sources */ = {isa = PBXBuildFile; fileRef = 22779C2E2A791247005F208C /* ContentView.swift */; };
		22779C312A791248005F208C /* Assets.xcassets in Resources */ = {isa = PBXBuildFile; fileRef = 22779C302A791248005F208C /* Assets.xcassets */; };
		22779C342A791248005F208C /* Preview Assets.xcassets in Resources */ = {isa = PBXBuildFile; fileRef = 22779C332A791248005F208C /* Preview Assets.xcassets */; };
		22779C3F2A791463005F208C /* brand.json in Resources */ = {isa = PBXBuildFile; fileRef = 22779C3B2A791463005F208C /* brand.json */; };
		22779C402A791463005F208C /* player.json in Resources */ = {isa = PBXBuildFile; fileRef = 22779C3C2A791463005F208C /* player.json */; };
		22779C412A791463005F208C /* category.json in Resources */ = {isa = PBXBuildFile; fileRef = 22779C3D2A791463005F208C /* category.json */; };
		22779C422A791463005F208C /* product.json in Resources */ = {isa = PBXBuildFile; fileRef = 22779C3E2A791463005F208C /* product.json */; };
		22779C4C2A79157B005F208C /* Constants.swift in Sources */ = {isa = PBXBuildFile; fileRef = 22779C4B2A79157B005F208C /* Constants.swift */; };
		22779C4E2A79161A005F208C /* FooterView.swift in Sources */ = {isa = PBXBuildFile; fileRef = 22779C4D2A79161A005F208C /* FooterView.swift */; };
		22779C502A791818005F208C /* NavigationBarView.swift in Sources */ = {isa = PBXBuildFile; fileRef = 22779C4F2A791818005F208C /* NavigationBarView.swift */; };
		22779C522A7918DC005F208C /* LogoView.swift in Sources */ = {isa = PBXBuildFile; fileRef = 22779C512A7918DC005F208C /* LogoView.swift */; };
		22779C542A791CD7005F208C /* PlayerModel.swift in Sources */ = {isa = PBXBuildFile; fileRef = 22779C532A791CD7005F208C /* PlayerModel.swift */; };
		22779C562A791CFB005F208C /* BundleExtension.swift in Sources */ = {isa = PBXBuildFile; fileRef = 22779C552A791CFB005F208C /* BundleExtension.swift */; };
		22779C582A791E32005F208C /* FeaturedItemView.swift in Sources */ = {isa = PBXBuildFile; fileRef = 22779C572A791E32005F208C /* FeaturedItemView.swift */; };
		22779C5A2A791EB8005F208C /* FeaturedTabView.swift in Sources */ = {isa = PBXBuildFile; fileRef = 22779C592A791EB8005F208C /* FeaturedTabView.swift */; };
		22779C5D2A79246B005F208C /* CategoryModel.swift in Sources */ = {isa = PBXBuildFile; fileRef = 22779C5C2A79246B005F208C /* CategoryModel.swift */; };
		22779C5F2A79252E005F208C /* CategoryItemView.swift in Sources */ = {isa = PBXBuildFile; fileRef = 22779C5E2A79252E005F208C /* CategoryItemView.swift */; };
		22779C612A7926A0005F208C /* CategoryGridView.swift in Sources */ = {isa = PBXBuildFile; fileRef = 22779C602A7926A0005F208C /* CategoryGridView.swift */; };
		22779C632A79280D005F208C /* SectionView.swift in Sources */ = {isa = PBXBuildFile; fileRef = 22779C622A79280D005F208C /* SectionView.swift */; };
		22779C652A7929B1005F208C /* TitleView.swift in Sources */ = {isa = PBXBuildFile; fileRef = 22779C642A7929B1005F208C /* TitleView.swift */; };
		22779C672A792A4D005F208C /* ProductModel.swift in Sources */ = {isa = PBXBuildFile; fileRef = 22779C662A792A4D005F208C /* ProductModel.swift */; };
		22779C692A792AAC005F208C /* ProductItemView.swift in Sources */ = {isa = PBXBuildFile; fileRef = 22779C682A792AAC005F208C /* ProductItemView.swift */; };
		22779C6B2A792CB8005F208C /* BrandModel.swift in Sources */ = {isa = PBXBuildFile; fileRef = 22779C6A2A792CB8005F208C /* BrandModel.swift */; };
		22779C6D2A792CF3005F208C /* BrandItemView.swift in Sources */ = {isa = PBXBuildFile; fileRef = 22779C6C2A792CF3005F208C /* BrandItemView.swift */; };
		22779C6F2A792D5F005F208C /* BrandGridView.swift in Sources */ = {isa = PBXBuildFile; fileRef = 22779C6E2A792D5F005F208C /* BrandGridView.swift */; };
		22779C712A792E78005F208C /* ProductDetailView.swift in Sources */ = {isa = PBXBuildFile; fileRef = 22779C702A792E78005F208C /* ProductDetailView.swift */; };
		22779C732A792F2B005F208C /* NavigationBarDetailView.swift in Sources */ = {isa = PBXBuildFile; fileRef = 22779C722A792F2B005F208C /* NavigationBarDetailView.swift */; };
		22779C752A79304D005F208C /* HeaderDetailView.swift in Sources */ = {isa = PBXBuildFile; fileRef = 22779C742A79304D005F208C /* HeaderDetailView.swift */; };
		22779C772A7930BC005F208C /* TopPartDetailView.swift in Sources */ = {isa = PBXBuildFile; fileRef = 22779C762A7930BC005F208C /* TopPartDetailView.swift */; };
		22779C792A793309005F208C /* CustomShapeView.swift in Sources */ = {isa = PBXBuildFile; fileRef = 22779C782A793309005F208C /* CustomShapeView.swift */; };
		22779C7B2A793494005F208C /* RatingsSizesDetailView.swift in Sources */ = {isa = PBXBuildFile; fileRef = 22779C7A2A793494005F208C /* RatingsSizesDetailView.swift */; };
		22779C7D2A793672005F208C /* QuantityFavouriteDetailView.swift in Sources */ = {isa = PBXBuildFile; fileRef = 22779C7C2A793672005F208C /* QuantityFavouriteDetailView.swift */; };
		22779C7F2A7937FD005F208C /* AddToCartDetailView.swift in Sources */ = {isa = PBXBuildFile; fileRef = 22779C7E2A7937FD005F208C /* AddToCartDetailView.swift */; };
		22779C812A79390A005F208C /* Shop.swift in Sources */ = {isa = PBXBuildFile; fileRef = 22779C802A79390A005F208C /* Shop.swift */; };
/* End PBXBuildFile section */

/* Begin PBXFileReference section */
		22779C292A791247005F208C /* Touchdown.app */ = {isa = PBXFileReference; explicitFileType = wrapper.application; includeInIndex = 0; path = Touchdown.app; sourceTree = BUILT_PRODUCTS_DIR; };
		22779C2C2A791247005F208C /* TouchdownApp.swift */ = {isa = PBXFileReference; lastKnownFileType = sourcecode.swift; path = TouchdownApp.swift; sourceTree = "<group>"; };
		22779C2E2A791247005F208C /* ContentView.swift */ = {isa = PBXFileReference; lastKnownFileType = sourcecode.swift; path = ContentView.swift; sourceTree = "<group>"; };
		22779C302A791248005F208C /* Assets.xcassets */ = {isa = PBXFileReference; lastKnownFileType = folder.assetcatalog; path = Assets.xcassets; sourceTree = "<group>"; };
		22779C332A791248005F208C /* Preview Assets.xcassets */ = {isa = PBXFileReference; lastKnownFileType = folder.assetcatalog; path = "Preview Assets.xcassets"; sourceTree = "<group>"; };
		22779C3B2A791463005F208C /* brand.json */ = {isa = PBXFileReference; fileEncoding = 4; lastKnownFileType = text.json; path = brand.json; sourceTree = "<group>"; };
		22779C3C2A791463005F208C /* player.json */ = {isa = PBXFileReference; fileEncoding = 4; lastKnownFileType = text.json; path = player.json; sourceTree = "<group>"; };
		22779C3D2A791463005F208C /* category.json */ = {isa = PBXFileReference; fileEncoding = 4; lastKnownFileType = text.json; path = category.json; sourceTree = "<group>"; };
		22779C3E2A791463005F208C /* product.json */ = {isa = PBXFileReference; fileEncoding = 4; lastKnownFileType = text.json; path = product.json; sourceTree = "<group>"; };
		22779C432A79149A005F208C /* Info.plist */ = {isa = PBXFileReference; lastKnownFileType = text.plist; path = Info.plist; sourceTree = "<group>"; };
		22779C4B2A79157B005F208C /* Constants.swift */ = {isa = PBXFileReference; lastKnownFileType = sourcecode.swift; path = Constants.swift; sourceTree = "<group>"; };
		22779C4D2A79161A005F208C /* FooterView.swift */ = {isa = PBXFileReference; lastKnownFileType = sourcecode.swift; path = FooterView.swift; sourceTree = "<group>"; };
		22779C4F2A791818005F208C /* NavigationBarView.swift */ = {isa = PBXFileReference; lastKnownFileType = sourcecode.swift; path = NavigationBarView.swift; sourceTree = "<group>"; };
		22779C512A7918DC005F208C /* LogoView.swift */ = {isa = PBXFileReference; lastKnownFileType = sourcecode.swift; path = LogoView.swift; sourceTree = "<group>"; };
		22779C532A791CD7005F208C /* PlayerModel.swift */ = {isa = PBXFileReference; lastKnownFileType = sourcecode.swift; path = PlayerModel.swift; sourceTree = "<group>"; };
		22779C552A791CFB005F208C /* BundleExtension.swift */ = {isa = PBXFileReference; lastKnownFileType = sourcecode.swift; path = BundleExtension.swift; sourceTree = "<group>"; };
		22779C572A791E32005F208C /* FeaturedItemView.swift */ = {isa = PBXFileReference; lastKnownFileType = sourcecode.swift; path = FeaturedItemView.swift; sourceTree = "<group>"; };
		22779C592A791EB8005F208C /* FeaturedTabView.swift */ = {isa = PBXFileReference; lastKnownFileType = sourcecode.swift; path = FeaturedTabView.swift; sourceTree = "<group>"; };
		22779C5C2A79246B005F208C /* CategoryModel.swift */ = {isa = PBXFileReference; lastKnownFileType = sourcecode.swift; path = CategoryModel.swift; sourceTree = "<group>"; };
		22779C5E2A79252E005F208C /* CategoryItemView.swift */ = {isa = PBXFileReference; lastKnownFileType = sourcecode.swift; path = CategoryItemView.swift; sourceTree = "<group>"; };
		22779C602A7926A0005F208C /* CategoryGridView.swift */ = {isa = PBXFileReference; lastKnownFileType = sourcecode.swift; path = CategoryGridView.swift; sourceTree = "<group>"; };
		22779C622A79280D005F208C /* SectionView.swift */ = {isa = PBXFileReference; lastKnownFileType = sourcecode.swift; path = SectionView.swift; sourceTree = "<group>"; };
		22779C642A7929B1005F208C /* TitleView.swift */ = {isa = PBXFileReference; lastKnownFileType = sourcecode.swift; path = TitleView.swift; sourceTree = "<group>"; };
		22779C662A792A4D005F208C /* ProductModel.swift */ = {isa = PBXFileReference; lastKnownFileType = sourcecode.swift; path = ProductModel.swift; sourceTree = "<group>"; };
		22779C682A792AAC005F208C /* ProductItemView.swift */ = {isa = PBXFileReference; lastKnownFileType = sourcecode.swift; path = ProductItemView.swift; sourceTree = "<group>"; };
		22779C6A2A792CB8005F208C /* BrandModel.swift */ = {isa = PBXFileReference; lastKnownFileType = sourcecode.swift; path = BrandModel.swift; sourceTree = "<group>"; };
		22779C6C2A792CF3005F208C /* BrandItemView.swift */ = {isa = PBXFileReference; lastKnownFileType = sourcecode.swift; path = BrandItemView.swift; sourceTree = "<group>"; };
		22779C6E2A792D5F005F208C /* BrandGridView.swift */ = {isa = PBXFileReference; lastKnownFileType = sourcecode.swift; path = BrandGridView.swift; sourceTree = "<group>"; };
		22779C702A792E78005F208C /* ProductDetailView.swift */ = {isa = PBXFileReference; lastKnownFileType = sourcecode.swift; path = ProductDetailView.swift; sourceTree = "<group>"; };
		22779C722A792F2B005F208C /* NavigationBarDetailView.swift */ = {isa = PBXFileReference; lastKnownFileType = sourcecode.swift; path = NavigationBarDetailView.swift; sourceTree = "<group>"; };
		22779C742A79304D005F208C /* HeaderDetailView.swift */ = {isa = PBXFileReference; lastKnownFileType = sourcecode.swift; path = HeaderDetailView.swift; sourceTree = "<group>"; };
		22779C762A7930BC005F208C /* TopPartDetailView.swift */ = {isa = PBXFileReference; lastKnownFileType = sourcecode.swift; path = TopPartDetailView.swift; sourceTree = "<group>"; };
		22779C782A793309005F208C /* CustomShapeView.swift */ = {isa = PBXFileReference; lastKnownFileType = sourcecode.swift; path = CustomShapeView.swift; sourceTree = "<group>"; };
		22779C7A2A793494005F208C /* RatingsSizesDetailView.swift */ = {isa = PBXFileReference; lastKnownFileType = sourcecode.swift; path = RatingsSizesDetailView.swift; sourceTree = "<group>"; };
		22779C7C2A793672005F208C /* QuantityFavouriteDetailView.swift */ = {isa = PBXFileReference; lastKnownFileType = sourcecode.swift; path = QuantityFavouriteDetailView.swift; sourceTree = "<group>"; };
		22779C7E2A7937FD005F208C /* AddToCartDetailView.swift */ = {isa = PBXFileReference; lastKnownFileType = sourcecode.swift; path = AddToCartDetailView.swift; sourceTree = "<group>"; };
		22779C802A79390A005F208C /* Shop.swift */ = {isa = PBXFileReference; lastKnownFileType = sourcecode.swift; path = Shop.swift; sourceTree = "<group>"; };
/* End PBXFileReference section */

/* Begin PBXFrameworksBuildPhase section */
		22779C262A791247005F208C /* Frameworks */ = {
			isa = PBXFrameworksBuildPhase;
			buildActionMask = 2147483647;
			files = (
			);
			runOnlyForDeploymentPostprocessing = 0;
		};
/* End PBXFrameworksBuildPhase section */

/* Begin PBXGroup section */
		22779C202A791247005F208C = {
			isa = PBXGroup;
			children = (
				22779C2B2A791247005F208C /* Touchdown */,
				22779C2A2A791247005F208C /* Products */,
			);
			sourceTree = "<group>";
		};
		22779C2A2A791247005F208C /* Products */ = {
			isa = PBXGroup;
			children = (
				22779C292A791247005F208C /* Touchdown.app */,
			);
			name = Products;
			sourceTree = "<group>";
		};
		22779C2B2A791247005F208C /* Touchdown */ = {
			isa = PBXGroup;
			children = (
				22779C4A2A791572005F208C /* Utility */,
				22779C492A79155A005F208C /* Extention */,
				22779C482A791555005F208C /* Model */,
				22779C452A791545005F208C /* View */,
				22779C432A79149A005F208C /* Info.plist */,
				22779C3A2A791463005F208C /* Data */,
				22779C442A791539005F208C /* App */,
				22779C302A791248005F208C /* Assets.xcassets */,
				22779C322A791248005F208C /* Preview Content */,
			);
			path = Touchdown;
			sourceTree = "<group>";
		};
		22779C322A791248005F208C /* Preview Content */ = {
			isa = PBXGroup;
			children = (
				22779C332A791248005F208C /* Preview Assets.xcassets */,
			);
			path = "Preview Content";
			sourceTree = "<group>";
		};
		22779C3A2A791463005F208C /* Data */ = {
			isa = PBXGroup;
			children = (
				22779C3B2A791463005F208C /* brand.json */,
				22779C3C2A791463005F208C /* player.json */,
				22779C3D2A791463005F208C /* category.json */,
				22779C3E2A791463005F208C /* product.json */,
			);
			path = Data;
			sourceTree = "<group>";
		};
		22779C442A791539005F208C /* App */ = {
			isa = PBXGroup;
			children = (
				22779C2C2A791247005F208C /* TouchdownApp.swift */,
				22779C2E2A791247005F208C /* ContentView.swift */,
			);
			path = App;
			sourceTree = "<group>";
		};
		22779C452A791545005F208C /* View */ = {
			isa = PBXGroup;
			children = (
				22779C472A791550005F208C /* Detail */,
				22779C462A79154A005F208C /* Home */,
			);
			path = View;
			sourceTree = "<group>";
		};
		22779C462A79154A005F208C /* Home */ = {
			isa = PBXGroup;
			children = (
				22779C4D2A79161A005F208C /* FooterView.swift */,
				22779C4F2A791818005F208C /* NavigationBarView.swift */,
				22779C512A7918DC005F208C /* LogoView.swift */,
				22779C572A791E32005F208C /* FeaturedItemView.swift */,
				22779C592A791EB8005F208C /* FeaturedTabView.swift */,
				22779C5E2A79252E005F208C /* CategoryItemView.swift */,
				22779C602A7926A0005F208C /* CategoryGridView.swift */,
				22779C622A79280D005F208C /* SectionView.swift */,
				22779C642A7929B1005F208C /* TitleView.swift */,
				22779C682A792AAC005F208C /* ProductItemView.swift */,
				22779C6C2A792CF3005F208C /* BrandItemView.swift */,
				22779C6E2A792D5F005F208C /* BrandGridView.swift */,
			);
			path = Home;
			sourceTree = "<group>";
		};
		22779C472A791550005F208C /* Detail */ = {
			isa = PBXGroup;
			children = (
				22779C702A792E78005F208C /* ProductDetailView.swift */,
				22779C722A792F2B005F208C /* NavigationBarDetailView.swift */,
				22779C742A79304D005F208C /* HeaderDetailView.swift */,
				22779C762A7930BC005F208C /* TopPartDetailView.swift */,
				22779C782A793309005F208C /* CustomShapeView.swift */,
				22779C7A2A793494005F208C /* RatingsSizesDetailView.swift */,
				22779C7C2A793672005F208C /* QuantityFavouriteDetailView.swift */,
				22779C7E2A7937FD005F208C /* AddToCartDetailView.swift */,
			);
			path = Detail;
			sourceTree = "<group>";
		};
		22779C482A791555005F208C /* Model */ = {
			isa = PBXGroup;
			children = (
				22779C532A791CD7005F208C /* PlayerModel.swift */,
				22779C5C2A79246B005F208C /* CategoryModel.swift */,
				22779C662A792A4D005F208C /* ProductModel.swift */,
				22779C6A2A792CB8005F208C /* BrandModel.swift */,
			);
			path = Model;
			sourceTree = "<group>";
		};
		22779C492A79155A005F208C /* Extention */ = {
			isa = PBXGroup;
			children = (
				22779C552A791CFB005F208C /* BundleExtension.swift */,
			);
			path = Extention;
			sourceTree = "<group>";
		};
		22779C4A2A791572005F208C /* Utility */ = {
			isa = PBXGroup;
			children = (
				22779C4B2A79157B005F208C /* Constants.swift */,
				22779C802A79390A005F208C /* Shop.swift */,
			);
			path = Utility;
			sourceTree = "<group>";
		};
/* End PBXGroup section */

/* Begin PBXNativeTarget section */
		22779C282A791247005F208C /* Touchdown */ = {
			isa = PBXNativeTarget;
			buildConfigurationList = 22779C372A791248005F208C /* Build configuration list for PBXNativeTarget "Touchdown" */;
			buildPhases = (
				22779C252A791247005F208C /* Sources */,
				22779C262A791247005F208C /* Frameworks */,
				22779C272A791247005F208C /* Resources */,
			);
			buildRules = (
			);
			dependencies = (
			);
			name = Touchdown;
			productName = Touchdown;
			productReference = 22779C292A791247005F208C /* Touchdown.app */;
			productType = "com.apple.product-type.application";
		};
/* End PBXNativeTarget section */

/* Begin PBXProject section */
		22779C212A791247005F208C /* Project object */ = {
			isa = PBXProject;
			attributes = {
				BuildIndependentTargetsInParallel = 1;
				LastSwiftUpdateCheck = 1430;
				LastUpgradeCheck = 1430;
				TargetAttributes = {
					22779C282A791247005F208C = {
						CreatedOnToolsVersion = 14.3.1;
					};
				};
			};
			buildConfigurationList = 22779C242A791247005F208C /* Build configuration list for PBXProject "Touchdown" */;
			compatibilityVersion = "Xcode 14.0";
			developmentRegion = en;
			hasScannedForEncodings = 0;
			knownRegions = (
				en,
				Base,
			);
			mainGroup = 22779C202A791247005F208C;
			productRefGroup = 22779C2A2A791247005F208C /* Products */;
			projectDirPath = "";
			projectRoot = "";
			targets = (
				22779C282A791247005F208C /* Touchdown */,
			);
		};
/* End PBXProject section */

/* Begin PBXResourcesBuildPhase section */
		22779C272A791247005F208C /* Resources */ = {
			isa = PBXResourcesBuildPhase;
			buildActionMask = 2147483647;
			files = (
				22779C402A791463005F208C /* player.json in Resources */,
				22779C342A791248005F208C /* Preview Assets.xcassets in Resources */,
				22779C412A791463005F208C /* category.json in Resources */,
				22779C312A791248005F208C /* Assets.xcassets in Resources */,
				22779C3F2A791463005F208C /* brand.json in Resources */,
				22779C422A791463005F208C /* product.json in Resources */,
			);
			runOnlyForDeploymentPostprocessing = 0;
		};
/* End PBXResourcesBuildPhase section */

/* Begin PBXSourcesBuildPhase section */
		22779C252A791247005F208C /* Sources */ = {
			isa = PBXSourcesBuildPhase;
			buildActionMask = 2147483647;
			files = (
				22779C562A791CFB005F208C /* BundleExtension.swift in Sources */,
				22779C752A79304D005F208C /* HeaderDetailView.swift in Sources */,
				22779C772A7930BC005F208C /* TopPartDetailView.swift in Sources */,
				22779C2F2A791247005F208C /* ContentView.swift in Sources */,
				22779C522A7918DC005F208C /* LogoView.swift in Sources */,
				22779C4E2A79161A005F208C /* FooterView.swift in Sources */,
				22779C582A791E32005F208C /* FeaturedItemView.swift in Sources */,
				22779C692A792AAC005F208C /* ProductItemView.swift in Sources */,
				22779C7F2A7937FD005F208C /* AddToCartDetailView.swift in Sources */,
				22779C6F2A792D5F005F208C /* BrandGridView.swift in Sources */,
				22779C7B2A793494005F208C /* RatingsSizesDetailView.swift in Sources */,
				22779C2D2A791247005F208C /* TouchdownApp.swift in Sources */,
				22779C712A792E78005F208C /* ProductDetailView.swift in Sources */,
				22779C732A792F2B005F208C /* NavigationBarDetailView.swift in Sources */,
				22779C4C2A79157B005F208C /* Constants.swift in Sources */,
				22779C612A7926A0005F208C /* CategoryGridView.swift in Sources */,
				22779C5D2A79246B005F208C /* CategoryModel.swift in Sources */,
				22779C502A791818005F208C /* NavigationBarView.swift in Sources */,
				22779C632A79280D005F208C /* SectionView.swift in Sources */,
				22779C6D2A792CF3005F208C /* BrandItemView.swift in Sources */,
				22779C5F2A79252E005F208C /* CategoryItemView.swift in Sources */,
				22779C5A2A791EB8005F208C /* FeaturedTabView.swift in Sources */,
				22779C792A793309005F208C /* CustomShapeView.swift in Sources */,
				22779C542A791CD7005F208C /* PlayerModel.swift in Sources */,
				22779C812A79390A005F208C /* Shop.swift in Sources */,
				22779C6B2A792CB8005F208C /* BrandModel.swift in Sources */,
				22779C652A7929B1005F208C /* TitleView.swift in Sources */,
				22779C7D2A793672005F208C /* QuantityFavouriteDetailView.swift in Sources */,
				22779C672A792A4D005F208C /* ProductModel.swift in Sources */,
			);
			runOnlyForDeploymentPostprocessing = 0;
		};
/* End PBXSourcesBuildPhase section */

/* Begin XCBuildConfiguration section */
		22779C352A791248005F208C /* Debug */ = {
			isa = XCBuildConfiguration;
			buildSettings = {
				ALWAYS_SEARCH_USER_PATHS = NO;
				CLANG_ANALYZER_NONNULL = YES;
				CLANG_ANALYZER_NUMBER_OBJECT_CONVERSION = YES_AGGRESSIVE;
				CLANG_CXX_LANGUAGE_STANDARD = "gnu++20";
				CLANG_ENABLE_MODULES = YES;
				CLANG_ENABLE_OBJC_ARC = YES;
				CLANG_ENABLE_OBJC_WEAK = YES;
				CLANG_WARN_BLOCK_CAPTURE_AUTORELEASING = YES;
				CLANG_WARN_BOOL_CONVERSION = YES;
				CLANG_WARN_COMMA = YES;
				CLANG_WARN_CONSTANT_CONVERSION = YES;
				CLANG_WARN_DEPRECATED_OBJC_IMPLEMENTATIONS = YES;
				CLANG_WARN_DIRECT_OBJC_ISA_USAGE = YES_ERROR;
				CLANG_WARN_DOCUMENTATION_COMMENTS = YES;
				CLANG_WARN_EMPTY_BODY = YES;
				CLANG_WARN_ENUM_CONVERSION = YES;
				CLANG_WARN_INFINITE_RECURSION = YES;
				CLANG_WARN_INT_CONVERSION = YES;
				CLANG_WARN_NON_LITERAL_NULL_CONVERSION = YES;
				CLANG_WARN_OBJC_IMPLICIT_RETAIN_SELF = YES;
				CLANG_WARN_OBJC_LITERAL_CONVERSION = YES;
				CLANG_WARN_OBJC_ROOT_CLASS = YES_ERROR;
				CLANG_WARN_QUOTED_INCLUDE_IN_FRAMEWORK_HEADER = YES;
				CLANG_WARN_RANGE_LOOP_ANALYSIS = YES;
				CLANG_WARN_STRICT_PROTOTYPES = YES;
				CLANG_WARN_SUSPICIOUS_MOVE = YES;
				CLANG_WARN_UNGUARDED_AVAILABILITY = YES_AGGRESSIVE;
				CLANG_WARN_UNREACHABLE_CODE = YES;
				CLANG_WARN__DUPLICATE_METHOD_MATCH = YES;
				COPY_PHASE_STRIP = NO;
				DEBUG_INFORMATION_FORMAT = dwarf;
				ENABLE_STRICT_OBJC_MSGSEND = YES;
				ENABLE_TESTABILITY = YES;
				GCC_C_LANGUAGE_STANDARD = gnu11;
				GCC_DYNAMIC_NO_PIC = NO;
				GCC_NO_COMMON_BLOCKS = YES;
				GCC_OPTIMIZATION_LEVEL = 0;
				GCC_PREPROCESSOR_DEFINITIONS = (
					"DEBUG=1",
					"$(inherited)",
				);
				GCC_WARN_64_TO_32_BIT_CONVERSION = YES;
				GCC_WARN_ABOUT_RETURN_TYPE = YES_ERROR;
				GCC_WARN_UNDECLARED_SELECTOR = YES;
				GCC_WARN_UNINITIALIZED_AUTOS = YES_AGGRESSIVE;
				GCC_WARN_UNUSED_FUNCTION = YES;
				GCC_WARN_UNUSED_VARIABLE = YES;
				IPHONEOS_DEPLOYMENT_TARGET = 16.4;
				MTL_ENABLE_DEBUG_INFO = INCLUDE_SOURCE;
				MTL_FAST_MATH = YES;
				ONLY_ACTIVE_ARCH = YES;
				SDKROOT = iphoneos;
				SWIFT_ACTIVE_COMPILATION_CONDITIONS = DEBUG;
				SWIFT_OPTIMIZATION_LEVEL = "-Onone";
			};
			name = Debug;
		};
		22779C362A791248005F208C /* Release */ = {
			isa = XCBuildConfiguration;
			buildSettings = {
				ALWAYS_SEARCH_USER_PATHS = NO;
				CLANG_ANALYZER_NONNULL = YES;
				CLANG_ANALYZER_NUMBER_OBJECT_CONVERSION = YES_AGGRESSIVE;
				CLANG_CXX_LANGUAGE_STANDARD = "gnu++20";
				CLANG_ENABLE_MODULES = YES;
				CLANG_ENABLE_OBJC_ARC = YES;
				CLANG_ENABLE_OBJC_WEAK = YES;
				CLANG_WARN_BLOCK_CAPTURE_AUTORELEASING = YES;
				CLANG_WARN_BOOL_CONVERSION = YES;
				CLANG_WARN_COMMA = YES;
				CLANG_WARN_CONSTANT_CONVERSION = YES;
				CLANG_WARN_DEPRECATED_OBJC_IMPLEMENTATIONS = YES;
				CLANG_WARN_DIRECT_OBJC_ISA_USAGE = YES_ERROR;
				CLANG_WARN_DOCUMENTATION_COMMENTS = YES;
				CLANG_WARN_EMPTY_BODY = YES;
				CLANG_WARN_ENUM_CONVERSION = YES;
				CLANG_WARN_INFINITE_RECURSION = YES;
				CLANG_WARN_INT_CONVERSION = YES;
				CLANG_WARN_NON_LITERAL_NULL_CONVERSION = YES;
				CLANG_WARN_OBJC_IMPLICIT_RETAIN_SELF = YES;
				CLANG_WARN_OBJC_LITERAL_CONVERSION = YES;
				CLANG_WARN_OBJC_ROOT_CLASS = YES_ERROR;
				CLANG_WARN_QUOTED_INCLUDE_IN_FRAMEWORK_HEADER = YES;
				CLANG_WARN_RANGE_LOOP_ANALYSIS = YES;
				CLANG_WARN_STRICT_PROTOTYPES = YES;
				CLANG_WARN_SUSPICIOUS_MOVE = YES;
				CLANG_WARN_UNGUARDED_AVAILABILITY = YES_AGGRESSIVE;
				CLANG_WARN_UNREACHABLE_CODE = YES;
				CLANG_WARN__DUPLICATE_METHOD_MATCH = YES;
				COPY_PHASE_STRIP = NO;
				DEBUG_INFORMATION_FORMAT = "dwarf-with-dsym";
				ENABLE_NS_ASSERTIONS = NO;
				ENABLE_STRICT_OBJC_MSGSEND = YES;
				GCC_C_LANGUAGE_STANDARD = gnu11;
				GCC_NO_COMMON_BLOCKS = YES;
				GCC_WARN_64_TO_32_BIT_CONVERSION = YES;
				GCC_WARN_ABOUT_RETURN_TYPE = YES_ERROR;
				GCC_WARN_UNDECLARED_SELECTOR = YES;
				GCC_WARN_UNINITIALIZED_AUTOS = YES_AGGRESSIVE;
				GCC_WARN_UNUSED_FUNCTION = YES;
				GCC_WARN_UNUSED_VARIABLE = YES;
				IPHONEOS_DEPLOYMENT_TARGET = 16.4;
				MTL_ENABLE_DEBUG_INFO = NO;
				MTL_FAST_MATH = YES;
				SDKROOT = iphoneos;
				SWIFT_COMPILATION_MODE = wholemodule;
				SWIFT_OPTIMIZATION_LEVEL = "-O";
				VALIDATE_PRODUCT = YES;
			};
			name = Release;
		};
		22779C382A791248005F208C /* Debug */ = {
			isa = XCBuildConfiguration;
			buildSettings = {
				ASSETCATALOG_COMPILER_APPICON_NAME = AppIcon;
				ASSETCATALOG_COMPILER_GLOBAL_ACCENT_COLOR_NAME = AccentColor;
				CODE_SIGN_STYLE = Automatic;
				CURRENT_PROJECT_VERSION = 1;
				DEVELOPMENT_ASSET_PATHS = "\"Touchdown/Preview Content\"";
				DEVELOPMENT_TEAM = 38UA2XAHCC;
				ENABLE_PREVIEWS = YES;
				GENERATE_INFOPLIST_FILE = YES;
				INFOPLIST_FILE = Touchdown/Info.plist;
				INFOPLIST_KEY_UIApplicationSceneManifest_Generation = YES;
				INFOPLIST_KEY_UIApplicationSupportsIndirectInputEvents = YES;
				INFOPLIST_KEY_UISupportedInterfaceOrientations = UIInterfaceOrientationPortrait;
				INFOPLIST_KEY_UISupportedInterfaceOrientations_iPad = "UIInterfaceOrientationLandscapeLeft UIInterfaceOrientationLandscapeRight UIInterfaceOrientationPortrait UIInterfaceOrientationPortraitUpsideDown";
				INFOPLIST_KEY_UIUserInterfaceStyle = Light;
				LD_RUNPATH_SEARCH_PATHS = (
					"$(inherited)",
					"@executable_path/Frameworks",
				);
				MARKETING_VERSION = 1.0;
				PRODUCT_BUNDLE_IDENTIFIER = com.kokmarok.FlashCards.Touchdown;
				PRODUCT_NAME = "$(TARGET_NAME)";
				SWIFT_EMIT_LOC_STRINGS = YES;
				SWIFT_VERSION = 5.0;
				TARGETED_DEVICE_FAMILY = "1,2";
			};
			name = Debug;
		};
		22779C392A791248005F208C /* Release */ = {
			isa = XCBuildConfiguration;
			buildSettings = {
				ASSETCATALOG_COMPILER_APPICON_NAME = AppIcon;
				ASSETCATALOG_COMPILER_GLOBAL_ACCENT_COLOR_NAME = AccentColor;
				CODE_SIGN_STYLE = Automatic;
				CURRENT_PROJECT_VERSION = 1;
				DEVELOPMENT_ASSET_PATHS = "\"Touchdown/Preview Content\"";
				DEVELOPMENT_TEAM = 38UA2XAHCC;
				ENABLE_PREVIEWS = YES;
				GENERATE_INFOPLIST_FILE = YES;
				INFOPLIST_FILE = Touchdown/Info.plist;
				INFOPLIST_KEY_UIApplicationSceneManifest_Generation = YES;
				INFOPLIST_KEY_UIApplicationSupportsIndirectInputEvents = YES;
				INFOPLIST_KEY_UISupportedInterfaceOrientations = UIInterfaceOrientationPortrait;
				INFOPLIST_KEY_UISupportedInterfaceOrientations_iPad = "UIInterfaceOrientationLandscapeLeft UIInterfaceOrientationLandscapeRight UIInterfaceOrientationPortrait UIInterfaceOrientationPortraitUpsideDown";
				INFOPLIST_KEY_UIUserInterfaceStyle = Light;
				LD_RUNPATH_SEARCH_PATHS = (
					"$(inherited)",
					"@executable_path/Frameworks",
				);
				MARKETING_VERSION = 1.0;
				PRODUCT_BUNDLE_IDENTIFIER = com.kokmarok.FlashCards.Touchdown;
				PRODUCT_NAME = "$(TARGET_NAME)";
				SWIFT_EMIT_LOC_STRINGS = YES;
				SWIFT_VERSION = 5.0;
				TARGETED_DEVICE_FAMILY = "1,2";
			};
			name = Release;
		};
/* End XCBuildConfiguration section */

/* Begin XCConfigurationList section */
		22779C242A791247005F208C /* Build configuration list for PBXProject "Touchdown" */ = {
			isa = XCConfigurationList;
			buildConfigurations = (
				22779C352A791248005F208C /* Debug */,
				22779C362A791248005F208C /* Release */,
			);
			defaultConfigurationIsVisible = 0;
			defaultConfigurationName = Release;
		};
		22779C372A791248005F208C /* Build configuration list for PBXNativeTarget "Touchdown" */ = {
			isa = XCConfigurationList;
			buildConfigurations = (
				22779C382A791248005F208C /* Debug */,
				22779C392A791248005F208C /* Release */,
			);
			defaultConfigurationIsVisible = 0;
			defaultConfigurationName = Release;
		};
/* End XCConfigurationList section */
	};
	rootObject = 22779C212A791247005F208C /* Project object */;
}
